
Microsoft Visual Studio Solution File, Format Version 12.00
# Visual Studio Version 17
VisualStudioVersion = 17.10.35027.167
MinimumVisualStudioVersion = 10.0.40219.1
Project("{9A19103F-16F7-4668-BE54-9A1E7A4F7556}") = "BlazorTicTacToe", "BlazorTicTacToe\BlazorTicTacToe\BlazorTicTacToe.csproj", "{13FB1C5B-E089-4444-9903-C118E782421B}"
EndProject
Project("{9A19103F-16F7-4668-BE54-9A1E7A4F7556}") = "BlazorTicTacToe.Client", "BlazorTicTacToe\BlazorTicTacToe.Client\BlazorTicTacToe.Client.csproj", "{7584413C-E385-4BC1-B1F2-A24DD90622A6}"
EndProject
Project("{9A19103F-16F7-4668-BE54-9A1E7A4F7556}") = "BlazorTicTacToe.Shared", "BlazorTicTacToe.Shared\BlazorTicTacToe.Shared.csproj", "{4075C00C-81C9-48F6-A814-936220080467}"
EndProject
Global
	GlobalSection(SolutionConfigurationPlatforms) = preSolution
		Debug|Any CPU = Debug|Any CPU
		Release|Any CPU = Release|Any CPU
	EndGlobalSection
	GlobalSection(ProjectConfigurationPlatforms) = postSolution
		{13FB1C5B-E089-4444-9903-C118E782421B}.Debug|Any CPU.ActiveCfg = Debug|Any CPU
		{13FB1C5B-E089-4444-9903-C118E782421B}.Debug|Any CPU.Build.0 = Debug|Any CPU
		{13FB1C5B-E089-4444-9903-C118E782421B}.Release|Any CPU.ActiveCfg = Release|Any CPU
		{13FB1C5B-E089-4444-9903-C118E782421B}.Release|Any CPU.Build.0 = Release|Any CPU
		{7584413C-E385-4BC1-B1F2-A24DD90622A6}.Debug|Any CPU.ActiveCfg = Debug|Any CPU
		{7584413C-E385-4BC1-B1F2-A24DD90622A6}.Debug|Any CPU.Build.0 = Debug|Any CPU
		{7584413C-E385-4BC1-B1F2-A24DD90622A6}.Release|Any CPU.ActiveCfg = Release|Any CPU
		{7584413C-E385-4BC1-B1F2-A24DD90622A6}.Release|Any CPU.Build.0 = Release|Any CPU
		{4075C00C-81C9-48F6-A814-936220080467}.Debug|Any CPU.ActiveCfg = Debug|Any CPU
		{4075C00C-81C9-48F6-A814-936220080467}.Debug|Any CPU.Build.0 = Debug|Any CPU
		{4075C00C-81C9-48F6-A814-936220080467}.Release|Any CPU.ActiveCfg = Release|Any CPU
		{4075C00C-81C9-48F6-A814-936220080467}.Release|Any CPU.Build.0 = Release|Any CPU
	EndGlobalSection
	GlobalSection(SolutionProperties) = preSolution
		HideSolutionNode = FALSE
	EndGlobalSection
	GlobalSection(ExtensibilityGlobals) = postSolution
		SolutionGuid = {149BDE0B-A8EA-41E3-973D-4081FE8AE242}
	EndGlobalSection
EndGlobal
